
Microsoft Visual Studio Solution File, Format Version 12.00
# Visual Studio Version 16
VisualStudioVersion = 16.0.30804.86
MinimumVisualStudioVersion = 10.0.40219.1
Project("{FAE04EC0-301F-11D3-BF4B-00C04F79EFBC}") = "CsharpBasicforJenkins", "CsharpBasicforJenkins\CsharpBasicforJenkins.csproj", "{645D6F0E-B2E9-4862-AAAC-E720EEE2509D}"
EndProject
Project("{FAE04EC0-301F-11D3-BF4B-00C04F79EFBC}") = "HelloTest", "HelloTest\HelloTest.csproj", "{35E5898A-61C4-4B15-A3C7-E85814AEAB4F}"
EndProject
Global
	GlobalSection(SolutionConfigurationPlatforms) = preSolution
		Debug|Any CPU = Debug|Any CPU
		Release|Any CPU = Release|Any CPU
	EndGlobalSection
	GlobalSection(ProjectConfigurationPlatforms) = postSolution
		{645D6F0E-B2E9-4862-AAAC-E720EEE2509D}.Debug|Any CPU.ActiveCfg = Debug|Any CPU
		{645D6F0E-B2E9-4862-AAAC-E720EEE2509D}.Debug|Any CPU.Build.0 = Debug|Any CPU
		{645D6F0E-B2E9-4862-AAAC-E720EEE2509D}.Release|Any CPU.ActiveCfg = Release|Any CPU
		{645D6F0E-B2E9-4862-AAAC-E720EEE2509D}.Release|Any CPU.Build.0 = Release|Any CPU
		{35E5898A-61C4-4B15-A3C7-E85814AEAB4F}.Debug|Any CPU.ActiveCfg = Debug|Any CPU
		{35E5898A-61C4-4B15-A3C7-E85814AEAB4F}.Debug|Any CPU.Build.0 = Debug|Any CPU
		{35E5898A-61C4-4B15-A3C7-E85814AEAB4F}.Release|Any CPU.ActiveCfg = Release|Any CPU
		{35E5898A-61C4-4B15-A3C7-E85814AEAB4F}.Release|Any CPU.Build.0 = Release|Any CPU
	EndGlobalSection
	GlobalSection(SolutionProperties) = preSolution
		HideSolutionNode = FALSE
	EndGlobalSection
	GlobalSection(ExtensibilityGlobals) = postSolution
		SolutionGuid = {5EFD2937-99BB-4729-81B7-EC02E843050E}
	EndGlobalSection
EndGlobal
